
Microsoft Visual Studio Solution File, Format Version 12.00
# Visual Studio 14
VisualStudioVersion = 14.0.24720.0
MinimumVisualStudioVersion = 10.0.40219.1
Project("{FAE04EC0-301F-11D3-BF4B-00C04F79EFBC}") = "MaintFace", "MaintFace\MaintFace.csproj", "{967995C5-CB30-44D4-BB54-0627B05AB7C5}"
EndProject
Project("{FAE04EC0-301F-11D3-BF4B-00C04F79EFBC}") = "SimpleTestApp", "SimpleTestApp\SimpleTestApp.csproj", "{22973C9A-32E1-45C1-9E27-9A3D8A41E7B6}"
EndProject
Global
	GlobalSection(SolutionConfigurationPlatforms) = preSolution
		Debug|Any CPU = Debug|Any CPU
		Release|Any CPU = Release|Any CPU
	EndGlobalSection
	GlobalSection(ProjectConfigurationPlatforms) = postSolution
		{967995C5-CB30-44D4-BB54-0627B05AB7C5}.Debug|Any CPU.ActiveCfg = Debug|Any CPU
		{967995C5-CB30-44D4-BB54-0627B05AB7C5}.Debug|Any CPU.Build.0 = Debug|Any CPU
		{967995C5-CB30-44D4-BB54-0627B05AB7C5}.Release|Any CPU.ActiveCfg = Release|Any CPU
		{967995C5-CB30-44D4-BB54-0627B05AB7C5}.Release|Any CPU.Build.0 = Release|Any CPU
		{22973C9A-32E1-45C1-9E27-9A3D8A41E7B6}.Debug|Any CPU.ActiveCfg = Debug|Any CPU
		{22973C9A-32E1-45C1-9E27-9A3D8A41E7B6}.Debug|Any CPU.Build.0 = Debug|Any CPU
		{22973C9A-32E1-45C1-9E27-9A3D8A41E7B6}.Release|Any CPU.ActiveCfg = Release|Any CPU
		{22973C9A-32E1-45C1-9E27-9A3D8A41E7B6}.Release|Any CPU.Build.0 = Release|Any CPU
	EndGlobalSection
	GlobalSection(SolutionProperties) = preSolution
		HideSolutionNode = FALSE
	EndGlobalSection
EndGlobal
